
Microsoft Visual Studio Solution File, Format Version 12.00
# Visual Studio Version 17
VisualStudioVersion = 17.5.33530.505
MinimumVisualStudioVersion = 10.0.40219.1
Project("{FAE04EC0-301F-11D3-BF4B-00C04F79EFBC}") = "lb10", "lb10\lb10.csproj", "{77AC5FAE-C49A-4C69-9F4F-6AF108708C30}"
EndProject
Global
	GlobalSection(SolutionConfigurationPlatforms) = preSolution
		Debug|Any CPU = Debug|Any CPU
		Release|Any CPU = Release|Any CPU
	EndGlobalSection
	GlobalSection(ProjectConfigurationPlatforms) = postSolution
		{77AC5FAE-C49A-4C69-9F4F-6AF108708C30}.Debug|Any CPU.ActiveCfg = Debug|Any CPU
		{77AC5FAE-C49A-4C69-9F4F-6AF108708C30}.Debug|Any CPU.Build.0 = Debug|Any CPU
		{77AC5FAE-C49A-4C69-9F4F-6AF108708C30}.Release|Any CPU.ActiveCfg = Release|Any CPU
		{77AC5FAE-C49A-4C69-9F4F-6AF108708C30}.Release|Any CPU.Build.0 = Release|Any CPU
	EndGlobalSection
	GlobalSection(SolutionProperties) = preSolution
		HideSolutionNode = FALSE
	EndGlobalSection
	GlobalSection(ExtensibilityGlobals) = postSolution
		SolutionGuid = {226D8B91-666B-4254-9C42-56207872AEA7}
	EndGlobalSection
EndGlobal
